// !$*UTF8*$!
{
	archiveVersion = 1;
	classes = {
	};
	objectVersion = 50;
	objects = {

/* Begin PBXBuildFile section */
		4532A3C9265558E200FAD1E0 /* PortfolioAppApp.swift in Sources */ = {isa = PBXBuildFile; fileRef = 4532A3C8265558E200FAD1E0 /* PortfolioAppApp.swift */; };
		4532A3CB265558E200FAD1E0 /* ContentView.swift in Sources */ = {isa = PBXBuildFile; fileRef = 4532A3CA265558E200FAD1E0 /* ContentView.swift */; };
		4532A3CD265558E400FAD1E0 /* Assets.xcassets in Resources */ = {isa = PBXBuildFile; fileRef = 4532A3CC265558E400FAD1E0 /* Assets.xcassets */; };
		4532A3D0265558E400FAD1E0 /* Preview Assets.xcassets in Resources */ = {isa = PBXBuildFile; fileRef = 4532A3CF265558E400FAD1E0 /* Preview Assets.xcassets */; };
		4532A3D9265558F500FAD1E0 /* DataController.swift in Sources */ = {isa = PBXBuildFile; fileRef = 4532A3D8265558F500FAD1E0 /* DataController.swift */; };
		4532A3DC2655590500FAD1E0 /* HomeView.swift in Sources */ = {isa = PBXBuildFile; fileRef = 4532A3DB2655590500FAD1E0 /* HomeView.swift */; };
		4532A3DF2655592C00FAD1E0 /* ProjectsView.swift in Sources */ = {isa = PBXBuildFile; fileRef = 4532A3DE2655592C00FAD1E0 /* ProjectsView.swift */; };
		4532A3E32655597F00FAD1E0 /* Main.xcdatamodeld in Sources */ = {isa = PBXBuildFile; fileRef = 4532A3E12655597F00FAD1E0 /* Main.xcdatamodeld */; };
		4549A5832656D0BB00CCC62F /* EditItemView.swift in Sources */ = {isa = PBXBuildFile; fileRef = 4549A5822656D0BB00CCC62F /* EditItemView.swift */; };
		4549A5852656D35500CCC62F /* ItemRowView.swift in Sources */ = {isa = PBXBuildFile; fileRef = 4549A5842656D35500CCC62F /* ItemRowView.swift */; };
		454A4CBC265AA6EE00968AA8 /* EditProjectView.swift in Sources */ = {isa = PBXBuildFile; fileRef = 454A4CBB265AA6EE00968AA8 /* EditProjectView.swift */; };
		454B4000265562080034BD62 /* Item-CoreDataHelpers.swift in Sources */ = {isa = PBXBuildFile; fileRef = 454B3FFF265562080034BD62 /* Item-CoreDataHelpers.swift */; };
		454B4003265562B40034BD62 /* Project-coreDataHelpers.swift in Sources */ = {isa = PBXBuildFile; fileRef = 454B4002265562B40034BD62 /* Project-coreDataHelpers.swift */; };
		4580197426594CB200A917CC /* Binding-OnChange.swift in Sources */ = {isa = PBXBuildFile; fileRef = 4580197326594CB200A917CC /* Binding-OnChange.swift */; };
		458019762659520800A917CC /* ProjectHeader.swift in Sources */ = {isa = PBXBuildFile; fileRef = 458019752659520800A917CC /* ProjectHeader.swift */; };
		458019782659531C00A917CC /* Colors.xcassets in Resources */ = {isa = PBXBuildFile; fileRef = 458019772659531C00A917CC /* Colors.xcassets */; };
/* End PBXBuildFile section */

/* Begin PBXFileReference section */
		4532A3C5265558E200FAD1E0 /* PortfolioApp.app */ = {isa = PBXFileReference; explicitFileType = wrapper.application; includeInIndex = 0; path = PortfolioApp.app; sourceTree = BUILT_PRODUCTS_DIR; };
		4532A3C8265558E200FAD1E0 /* PortfolioAppApp.swift */ = {isa = PBXFileReference; lastKnownFileType = sourcecode.swift; path = PortfolioAppApp.swift; sourceTree = "<group>"; };
		4532A3CA265558E200FAD1E0 /* ContentView.swift */ = {isa = PBXFileReference; lastKnownFileType = sourcecode.swift; path = ContentView.swift; sourceTree = "<group>"; };
		4532A3CC265558E400FAD1E0 /* Assets.xcassets */ = {isa = PBXFileReference; lastKnownFileType = folder.assetcatalog; path = Assets.xcassets; sourceTree = "<group>"; };
		4532A3CF265558E400FAD1E0 /* Preview Assets.xcassets */ = {isa = PBXFileReference; lastKnownFileType = folder.assetcatalog; path = "Preview Assets.xcassets"; sourceTree = "<group>"; };
		4532A3D1265558E400FAD1E0 /* Info.plist */ = {isa = PBXFileReference; lastKnownFileType = text.plist.xml; path = Info.plist; sourceTree = "<group>"; };
		4532A3D8265558F500FAD1E0 /* DataController.swift */ = {isa = PBXFileReference; lastKnownFileType = sourcecode.swift; path = DataController.swift; sourceTree = "<group>"; };
		4532A3DB2655590500FAD1E0 /* HomeView.swift */ = {isa = PBXFileReference; lastKnownFileType = sourcecode.swift; path = HomeView.swift; sourceTree = "<group>"; };
		4532A3DE2655592C00FAD1E0 /* ProjectsView.swift */ = {isa = PBXFileReference; lastKnownFileType = sourcecode.swift; path = ProjectsView.swift; sourceTree = "<group>"; };
		4532A3E22655597F00FAD1E0 /* Main.xcdatamodel */ = {isa = PBXFileReference; lastKnownFileType = wrapper.xcdatamodel; path = Main.xcdatamodel; sourceTree = "<group>"; };
		4549A5822656D0BB00CCC62F /* EditItemView.swift */ = {isa = PBXFileReference; lastKnownFileType = sourcecode.swift; path = EditItemView.swift; sourceTree = "<group>"; };
		4549A5842656D35500CCC62F /* ItemRowView.swift */ = {isa = PBXFileReference; lastKnownFileType = sourcecode.swift; path = ItemRowView.swift; sourceTree = "<group>"; };
		454A4CBB265AA6EE00968AA8 /* EditProjectView.swift */ = {isa = PBXFileReference; lastKnownFileType = sourcecode.swift; path = EditProjectView.swift; sourceTree = "<group>"; };
		454B3FFF265562080034BD62 /* Item-CoreDataHelpers.swift */ = {isa = PBXFileReference; lastKnownFileType = sourcecode.swift; path = "Item-CoreDataHelpers.swift"; sourceTree = "<group>"; };
		454B4002265562B40034BD62 /* Project-coreDataHelpers.swift */ = {isa = PBXFileReference; lastKnownFileType = sourcecode.swift; path = "Project-coreDataHelpers.swift"; sourceTree = "<group>"; };
		4580197326594CB200A917CC /* Binding-OnChange.swift */ = {isa = PBXFileReference; lastKnownFileType = sourcecode.swift; path = "Binding-OnChange.swift"; sourceTree = "<group>"; };
		458019752659520800A917CC /* ProjectHeader.swift */ = {isa = PBXFileReference; lastKnownFileType = sourcecode.swift; path = ProjectHeader.swift; sourceTree = "<group>"; };
		458019772659531C00A917CC /* Colors.xcassets */ = {isa = PBXFileReference; lastKnownFileType = folder.assetcatalog; path = Colors.xcassets; sourceTree = "<group>"; };
/* End PBXFileReference section */

/* Begin PBXFrameworksBuildPhase section */
		4532A3C2265558E200FAD1E0 /* Frameworks */ = {
			isa = PBXFrameworksBuildPhase;
			buildActionMask = 2147483647;
			files = (
			);
			runOnlyForDeploymentPostprocessing = 0;
		};
/* End PBXFrameworksBuildPhase section */

/* Begin PBXGroup section */
		4532A3BC265558E200FAD1E0 = {
			isa = PBXGroup;
			children = (
				4532A3C7265558E200FAD1E0 /* PortfolioApp */,
				4532A3C6265558E200FAD1E0 /* Products */,
			);
			sourceTree = "<group>";
		};
		4532A3C6265558E200FAD1E0 /* Products */ = {
			isa = PBXGroup;
			children = (
				4532A3C5265558E200FAD1E0 /* PortfolioApp.app */,
			);
			name = Products;
			sourceTree = "<group>";
		};
		4532A3C7265558E200FAD1E0 /* PortfolioApp */ = {
			isa = PBXGroup;
			children = (
				4532A3C8265558E200FAD1E0 /* PortfolioAppApp.swift */,
				4532A3CA265558E200FAD1E0 /* ContentView.swift */,
				4532A3D8265558F500FAD1E0 /* DataController.swift */,
				4532A3DB2655590500FAD1E0 /* HomeView.swift */,
				4532A3DE2655592C00FAD1E0 /* ProjectsView.swift */,
				454B3FFF265562080034BD62 /* Item-CoreDataHelpers.swift */,
				454B4002265562B40034BD62 /* Project-coreDataHelpers.swift */,
				4549A5822656D0BB00CCC62F /* EditItemView.swift */,
				4549A5842656D35500CCC62F /* ItemRowView.swift */,
				4580197326594CB200A917CC /* Binding-OnChange.swift */,
				458019752659520800A917CC /* ProjectHeader.swift */,
				4532A3E12655597F00FAD1E0 /* Main.xcdatamodeld */,
				4532A3D1265558E400FAD1E0 /* Info.plist */,
				4532A3CC265558E400FAD1E0 /* Assets.xcassets */,
				458019772659531C00A917CC /* Colors.xcassets */,
				4532A3CE265558E400FAD1E0 /* Preview Content */,
				454A4CBB265AA6EE00968AA8 /* EditProjectView.swift */,
			);
			path = PortfolioApp;
			sourceTree = "<group>";
		};
		4532A3CE265558E400FAD1E0 /* Preview Content */ = {
			isa = PBXGroup;
			children = (
				4532A3CF265558E400FAD1E0 /* Preview Assets.xcassets */,
			);
			path = "Preview Content";
			sourceTree = "<group>";
		};
/* End PBXGroup section */

/* Begin PBXNativeTarget section */
		4532A3C4265558E200FAD1E0 /* PortfolioApp */ = {
			isa = PBXNativeTarget;
			buildConfigurationList = 4532A3D4265558E400FAD1E0 /* Build configuration list for PBXNativeTarget "PortfolioApp" */;
			buildPhases = (
				4532A3C1265558E200FAD1E0 /* Sources */,
				4532A3C2265558E200FAD1E0 /* Frameworks */,
				4532A3C3265558E200FAD1E0 /* Resources */,
			);
			buildRules = (
			);
			dependencies = (
			);
			name = PortfolioApp;
			productName = PortfolioApp;
			productReference = 4532A3C5265558E200FAD1E0 /* PortfolioApp.app */;
			productType = "com.apple.product-type.application";
		};
/* End PBXNativeTarget section */

/* Begin PBXProject section */
		4532A3BD265558E200FAD1E0 /* Project object */ = {
			isa = PBXProject;
			attributes = {
				LastSwiftUpdateCheck = 1240;
				LastUpgradeCheck = 1240;
				TargetAttributes = {
					4532A3C4265558E200FAD1E0 = {
						CreatedOnToolsVersion = 12.4;
					};
				};
			};
			buildConfigurationList = 4532A3C0265558E200FAD1E0 /* Build configuration list for PBXProject "PortfolioApp" */;
			compatibilityVersion = "Xcode 9.3";
			developmentRegion = en;
			hasScannedForEncodings = 0;
			knownRegions = (
				en,
				Base,
			);
			mainGroup = 4532A3BC265558E200FAD1E0;
			productRefGroup = 4532A3C6265558E200FAD1E0 /* Products */;
			projectDirPath = "";
			projectRoot = "";
			targets = (
				4532A3C4265558E200FAD1E0 /* PortfolioApp */,
			);
		};
/* End PBXProject section */

/* Begin PBXResourcesBuildPhase section */
		4532A3C3265558E200FAD1E0 /* Resources */ = {
			isa = PBXResourcesBuildPhase;
			buildActionMask = 2147483647;
			files = (
				458019782659531C00A917CC /* Colors.xcassets in Resources */,
				4532A3D0265558E400FAD1E0 /* Preview Assets.xcassets in Resources */,
				4532A3CD265558E400FAD1E0 /* Assets.xcassets in Resources */,
			);
			runOnlyForDeploymentPostprocessing = 0;
		};
/* End PBXResourcesBuildPhase section */

/* Begin PBXSourcesBuildPhase section */
		4532A3C1265558E200FAD1E0 /* Sources */ = {
			isa = PBXSourcesBuildPhase;
			buildActionMask = 2147483647;
			files = (
				4532A3E32655597F00FAD1E0 /* Main.xcdatamodeld in Sources */,
				4532A3DF2655592C00FAD1E0 /* ProjectsView.swift in Sources */,
				454B4003265562B40034BD62 /* Project-coreDataHelpers.swift in Sources */,
				4532A3CB265558E200FAD1E0 /* ContentView.swift in Sources */,
				454A4CBC265AA6EE00968AA8 /* EditProjectView.swift in Sources */,
				4549A5852656D35500CCC62F /* ItemRowView.swift in Sources */,
				4532A3DC2655590500FAD1E0 /* HomeView.swift in Sources */,
				458019762659520800A917CC /* ProjectHeader.swift in Sources */,
				4580197426594CB200A917CC /* Binding-OnChange.swift in Sources */,
				4532A3D9265558F500FAD1E0 /* DataController.swift in Sources */,
				4532A3C9265558E200FAD1E0 /* PortfolioAppApp.swift in Sources */,
				454B4000265562080034BD62 /* Item-CoreDataHelpers.swift in Sources */,
				4549A5832656D0BB00CCC62F /* EditItemView.swift in Sources */,
			);
			runOnlyForDeploymentPostprocessing = 0;
		};
/* End PBXSourcesBuildPhase section */

/* Begin XCBuildConfiguration section */
		4532A3D2265558E400FAD1E0 /* Debug */ = {
			isa = XCBuildConfiguration;
			buildSettings = {
				ALWAYS_SEARCH_USER_PATHS = NO;
				CLANG_ANALYZER_NONNULL = YES;
				CLANG_ANALYZER_NUMBER_OBJECT_CONVERSION = YES_AGGRESSIVE;
				CLANG_CXX_LANGUAGE_STANDARD = "gnu++14";
				CLANG_CXX_LIBRARY = "libc++";
				CLANG_ENABLE_MODULES = YES;
				CLANG_ENABLE_OBJC_ARC = YES;
				CLANG_ENABLE_OBJC_WEAK = YES;
				CLANG_WARN_BLOCK_CAPTURE_AUTORELEASING = YES;
				CLANG_WARN_BOOL_CONVERSION = YES;
				CLANG_WARN_COMMA = YES;
				CLANG_WARN_CONSTANT_CONVERSION = YES;
				CLANG_WARN_DEPRECATED_OBJC_IMPLEMENTATIONS = YES;
				CLANG_WARN_DIRECT_OBJC_ISA_USAGE = YES_ERROR;
				CLANG_WARN_DOCUMENTATION_COMMENTS = YES;
				CLANG_WARN_EMPTY_BODY = YES;
				CLANG_WARN_ENUM_CONVERSION = YES;
				CLANG_WARN_INFINITE_RECURSION = YES;
				CLANG_WARN_INT_CONVERSION = YES;
				CLANG_WARN_NON_LITERAL_NULL_CONVERSION = YES;
				CLANG_WARN_OBJC_IMPLICIT_RETAIN_SELF = YES;
				CLANG_WARN_OBJC_LITERAL_CONVERSION = YES;
				CLANG_WARN_OBJC_ROOT_CLASS = YES_ERROR;
				CLANG_WARN_QUOTED_INCLUDE_IN_FRAMEWORK_HEADER = YES;
				CLANG_WARN_RANGE_LOOP_ANALYSIS = YES;
				CLANG_WARN_STRICT_PROTOTYPES = YES;
				CLANG_WARN_SUSPICIOUS_MOVE = YES;
				CLANG_WARN_UNGUARDED_AVAILABILITY = YES_AGGRESSIVE;
				CLANG_WARN_UNREACHABLE_CODE = YES;
				CLANG_WARN__DUPLICATE_METHOD_MATCH = YES;
				COPY_PHASE_STRIP = NO;
				DEBUG_INFORMATION_FORMAT = dwarf;
				ENABLE_STRICT_OBJC_MSGSEND = YES;
				ENABLE_TESTABILITY = YES;
				GCC_C_LANGUAGE_STANDARD = gnu11;
				GCC_DYNAMIC_NO_PIC = NO;
				GCC_NO_COMMON_BLOCKS = YES;
				GCC_OPTIMIZATION_LEVEL = 0;
				GCC_PREPROCESSOR_DEFINITIONS = (
					"DEBUG=1",
					"$(inherited)",
				);
				GCC_WARN_64_TO_32_BIT_CONVERSION = YES;
				GCC_WARN_ABOUT_RETURN_TYPE = YES_ERROR;
				GCC_WARN_UNDECLARED_SELECTOR = YES;
				GCC_WARN_UNINITIALIZED_AUTOS = YES_AGGRESSIVE;
				GCC_WARN_UNUSED_FUNCTION = YES;
				GCC_WARN_UNUSED_VARIABLE = YES;
				IPHONEOS_DEPLOYMENT_TARGET = 14.4;
				MTL_ENABLE_DEBUG_INFO = INCLUDE_SOURCE;
				MTL_FAST_MATH = YES;
				ONLY_ACTIVE_ARCH = YES;
				SDKROOT = iphoneos;
				SWIFT_ACTIVE_COMPILATION_CONDITIONS = DEBUG;
				SWIFT_OPTIMIZATION_LEVEL = "-Onone";
			};
			name = Debug;
		};
		4532A3D3265558E400FAD1E0 /* Release */ = {
			isa = XCBuildConfiguration;
			buildSettings = {
				ALWAYS_SEARCH_USER_PATHS = NO;
				CLANG_ANALYZER_NONNULL = YES;
				CLANG_ANALYZER_NUMBER_OBJECT_CONVERSION = YES_AGGRESSIVE;
				CLANG_CXX_LANGUAGE_STANDARD = "gnu++14";
				CLANG_CXX_LIBRARY = "libc++";
				CLANG_ENABLE_MODULES = YES;
				CLANG_ENABLE_OBJC_ARC = YES;
				CLANG_ENABLE_OBJC_WEAK = YES;
				CLANG_WARN_BLOCK_CAPTURE_AUTORELEASING = YES;
				CLANG_WARN_BOOL_CONVERSION = YES;
				CLANG_WARN_COMMA = YES;
				CLANG_WARN_CONSTANT_CONVERSION = YES;
				CLANG_WARN_DEPRECATED_OBJC_IMPLEMENTATIONS = YES;
				CLANG_WARN_DIRECT_OBJC_ISA_USAGE = YES_ERROR;
				CLANG_WARN_DOCUMENTATION_COMMENTS = YES;
				CLANG_WARN_EMPTY_BODY = YES;
				CLANG_WARN_ENUM_CONVERSION = YES;
				CLANG_WARN_INFINITE_RECURSION = YES;
				CLANG_WARN_INT_CONVERSION = YES;
				CLANG_WARN_NON_LITERAL_NULL_CONVERSION = YES;
				CLANG_WARN_OBJC_IMPLICIT_RETAIN_SELF = YES;
				CLANG_WARN_OBJC_LITERAL_CONVERSION = YES;
				CLANG_WARN_OBJC_ROOT_CLASS = YES_ERROR;
				CLANG_WARN_QUOTED_INCLUDE_IN_FRAMEWORK_HEADER = YES;
				CLANG_WARN_RANGE_LOOP_ANALYSIS = YES;
				CLANG_WARN_STRICT_PROTOTYPES = YES;
				CLANG_WARN_SUSPICIOUS_MOVE = YES;
				CLANG_WARN_UNGUARDED_AVAILABILITY = YES_AGGRESSIVE;
				CLANG_WARN_UNREACHABLE_CODE = YES;
				CLANG_WARN__DUPLICATE_METHOD_MATCH = YES;
				COPY_PHASE_STRIP = NO;
				DEBUG_INFORMATION_FORMAT = "dwarf-with-dsym";
				ENABLE_NS_ASSERTIONS = NO;
				ENABLE_STRICT_OBJC_MSGSEND = YES;
				GCC_C_LANGUAGE_STANDARD = gnu11;
				GCC_NO_COMMON_BLOCKS = YES;
				GCC_WARN_64_TO_32_BIT_CONVERSION = YES;
				GCC_WARN_ABOUT_RETURN_TYPE = YES_ERROR;
				GCC_WARN_UNDECLARED_SELECTOR = YES;
				GCC_WARN_UNINITIALIZED_AUTOS = YES_AGGRESSIVE;
				GCC_WARN_UNUSED_FUNCTION = YES;
				GCC_WARN_UNUSED_VARIABLE = YES;
				IPHONEOS_DEPLOYMENT_TARGET = 14.4;
				MTL_ENABLE_DEBUG_INFO = NO;
				MTL_FAST_MATH = YES;
				SDKROOT = iphoneos;
				SWIFT_COMPILATION_MODE = wholemodule;
				SWIFT_OPTIMIZATION_LEVEL = "-O";
				VALIDATE_PRODUCT = YES;
			};
			name = Release;
		};
		4532A3D5265558E500FAD1E0 /* Debug */ = {
			isa = XCBuildConfiguration;
			buildSettings = {
				ASSETCATALOG_COMPILER_APPICON_NAME = AppIcon;
				ASSETCATALOG_COMPILER_GLOBAL_ACCENT_COLOR_NAME = AccentColor;
				CODE_SIGN_STYLE = Automatic;
				DEVELOPMENT_ASSET_PATHS = "\"PortfolioApp/Preview Content\"";
				DEVELOPMENT_TEAM = JYSC6RZ6JX;
				ENABLE_PREVIEWS = YES;
				INFOPLIST_FILE = PortfolioApp/Info.plist;
				IPHONEOS_DEPLOYMENT_TARGET = 14.0;
				LD_RUNPATH_SEARCH_PATHS = (
					"$(inherited)",
					"@executable_path/Frameworks",
				);
				PRODUCT_BUNDLE_IDENTIFIER = com.rohini.PortfolioApp;
				PRODUCT_NAME = "$(TARGET_NAME)";
				SWIFT_VERSION = 5.0;
				TARGETED_DEVICE_FAMILY = "1,2";
			};
			name = Debug;
		};
		4532A3D6265558E500FAD1E0 /* Release */ = {
			isa = XCBuildConfiguration;
			buildSettings = {
				ASSETCATALOG_COMPILER_APPICON_NAME = AppIcon;
				ASSETCATALOG_COMPILER_GLOBAL_ACCENT_COLOR_NAME = AccentColor;
				CODE_SIGN_STYLE = Automatic;
				DEVELOPMENT_ASSET_PATHS = "\"PortfolioApp/Preview Content\"";
				DEVELOPMENT_TEAM = JYSC6RZ6JX;
				ENABLE_PREVIEWS = YES;
				INFOPLIST_FILE = PortfolioApp/Info.plist;
				IPHONEOS_DEPLOYMENT_TARGET = 14.0;
				LD_RUNPATH_SEARCH_PATHS = (
					"$(inherited)",
					"@executable_path/Frameworks",
				);
				PRODUCT_BUNDLE_IDENTIFIER = com.rohini.PortfolioApp;
				PRODUCT_NAME = "$(TARGET_NAME)";
				SWIFT_VERSION = 5.0;
				TARGETED_DEVICE_FAMILY = "1,2";
			};
			name = Release;
		};
/* End XCBuildConfiguration section */

/* Begin XCConfigurationList section */
		4532A3C0265558E200FAD1E0 /* Build configuration list for PBXProject "PortfolioApp" */ = {
			isa = XCConfigurationList;
			buildConfigurations = (
				4532A3D2265558E400FAD1E0 /* Debug */,
				4532A3D3265558E400FAD1E0 /* Release */,
			);
			defaultConfigurationIsVisible = 0;
			defaultConfigurationName = Release;
		};
		4532A3D4265558E400FAD1E0 /* Build configuration list for PBXNativeTarget "PortfolioApp" */ = {
			isa = XCConfigurationList;
			buildConfigurations = (
				4532A3D5265558E500FAD1E0 /* Debug */,
				4532A3D6265558E500FAD1E0 /* Release */,
			);
			defaultConfigurationIsVisible = 0;
			defaultConfigurationName = Release;
		};
/* End XCConfigurationList section */

/* Begin XCVersionGroup section */
		4532A3E12655597F00FAD1E0 /* Main.xcdatamodeld */ = {
			isa = XCVersionGroup;
			children = (
				4532A3E22655597F00FAD1E0 /* Main.xcdatamodel */,
			);
			currentVersion = 4532A3E22655597F00FAD1E0 /* Main.xcdatamodel */;
			path = Main.xcdatamodeld;
			sourceTree = "<group>";
			versionGroupType = wrapper.xcdatamodel;
		};
/* End XCVersionGroup section */
	};
	rootObject = 4532A3BD265558E200FAD1E0 /* Project object */;
}
